
Microsoft Visual Studio Solution File, Format Version 12.00
# Visual Studio Version 17
VisualStudioVersion = 17.8.34112.27
MinimumVisualStudioVersion = 10.0.40219.1
Project("{2150E333-8FDC-42A3-9474-1A3956D46DE8}") = ".config", ".config", "{84970BA1-0C7E-4FA3-A42A-E383F1DF357C}"
	ProjectSection(SolutionItems) = preProject
		.editorconfig = .editorconfig
		.gitattributes = .gitattributes
		.gitignore = .gitignore
		directory.build.props = directory.build.props
		directory.packages.props = directory.packages.props
		nuget.config = nuget.config
		stryker-config.json = stryker-config.json
		stylecop.json = stylecop.json
	EndProjectSection
EndProject
Project("{2150E333-8FDC-42A3-9474-1A3956D46DE8}") = ".github", ".github", "{38B9191F-DC6F-476A-939E-A43C26167758}"
	ProjectSection(SolutionItems) = preProject
		.github\codeowners = .github\codeowners
	EndProjectSection
EndProject
Project("{2150E333-8FDC-42A3-9474-1A3956D46DE8}") = "workflows", "workflows", "{527BDB4D-7B8F-4710-9521-44457E8B588D}"
EndProject
Project("{2150E333-8FDC-42A3-9474-1A3956D46DE8}") = "rules", "rules", "{1E1FAFBF-D40D-46C7-89DB-EBE83A956F76}"
	ProjectSection(SolutionItems) = preProject
		rules\code.style.editorconfig = rules\code.style.editorconfig
		rules\disabled.editorconfig = rules\disabled.editorconfig
		rules\meziantou.editorconfig = rules\meziantou.editorconfig
		rules\name.style.editorconfig = rules\name.style.editorconfig
		rules\sonar.editorconfig = rules\sonar.editorconfig
		rules\stylecop.editorconfig = rules\stylecop.editorconfig
		rules\vsthrd.editorconfig = rules\vsthrd.editorconfig
	EndProjectSection
EndProject
Project("{2150E333-8FDC-42A3-9474-1A3956D46DE8}") = "assets", "assets", "{39C5B0F6-F76D-4125-96F4-5380189C72D2}"
EndProject
Project("{2150E333-8FDC-42A3-9474-1A3956D46DE8}") = "icons", "icons", "{10A39F60-ED05-4E3A-BF77-45F6C13D76AC}"
	ProjectSection(SolutionItems) = preProject
		assets\icons\atlas.svg = assets\icons\atlas.svg
	EndProjectSection
EndProject
Project("{2150E333-8FDC-42A3-9474-1A3956D46DE8}") = "src", "src", "{A5D93123-6F57-456C-A1CC-9A54F8829900}"
	ProjectSection(SolutionItems) = preProject
		src\directory.build.props = src\directory.build.props
		src\directory.packages.props = src\directory.packages.props
	EndProjectSection
EndProject
Project("{2150E333-8FDC-42A3-9474-1A3956D46DE8}") = "docs", "docs", "{2EBC78E8-D4EE-4252-ADEC-FE591414BA92}"
	ProjectSection(SolutionItems) = preProject
		docs\branches.md = docs\branches.md
		docs\commits.md = docs\commits.md
		license.md = license.md
		readme.md = readme.md
	EndProjectSection
EndProject
Project("{2150E333-8FDC-42A3-9474-1A3956D46DE8}") = "tests", "tests", "{EEE4BBDC-A733-49F0-8D24-2422D014FCF2}"
	ProjectSection(SolutionItems) = preProject
		tests\.editorconfig = tests\.editorconfig
		tests\directory.build.props = tests\directory.build.props
		tests\directory.packages.props = tests\directory.packages.props
	EndProjectSection
EndProject
Project("{FAE04EC0-301F-11D3-BF4B-00C04F79EFBC}") = "Atlas.Domain", "src\Atlas.Domain\Atlas.Domain.csproj", "{098F2C49-85DF-47CE-8108-485E805634CF}"
EndProject
Project("{FAE04EC0-301F-11D3-BF4B-00C04F79EFBC}") = "Atlas.Domain.Tests", "tests\Atlas.Domain.Tests\Atlas.Domain.Tests.csproj", "{9ACEA600-C0E1-49CE-8533-DF73A6A6E94B}"
EndProject
Global
	GlobalSection(SolutionConfigurationPlatforms) = preSolution
		Debug|Any CPU = Debug|Any CPU
		Release|Any CPU = Release|Any CPU
	EndGlobalSection
	GlobalSection(ProjectConfigurationPlatforms) = postSolution
		{098F2C49-85DF-47CE-8108-485E805634CF}.Debug|Any CPU.ActiveCfg = Debug|Any CPU
		{098F2C49-85DF-47CE-8108-485E805634CF}.Debug|Any CPU.Build.0 = Debug|Any CPU
		{098F2C49-85DF-47CE-8108-485E805634CF}.Release|Any CPU.ActiveCfg = Release|Any CPU
		{098F2C49-85DF-47CE-8108-485E805634CF}.Release|Any CPU.Build.0 = Release|Any CPU
		{9ACEA600-C0E1-49CE-8533-DF73A6A6E94B}.Debug|Any CPU.ActiveCfg = Debug|Any CPU
		{9ACEA600-C0E1-49CE-8533-DF73A6A6E94B}.Debug|Any CPU.Build.0 = Debug|Any CPU
		{9ACEA600-C0E1-49CE-8533-DF73A6A6E94B}.Release|Any CPU.ActiveCfg = Release|Any CPU
		{9ACEA600-C0E1-49CE-8533-DF73A6A6E94B}.Release|Any CPU.Build.0 = Release|Any CPU
	EndGlobalSection
	GlobalSection(SolutionProperties) = preSolution
		HideSolutionNode = FALSE
	EndGlobalSection
	GlobalSection(NestedProjects) = preSolution
		{527BDB4D-7B8F-4710-9521-44457E8B588D} = {38B9191F-DC6F-476A-939E-A43C26167758}
		{10A39F60-ED05-4E3A-BF77-45F6C13D76AC} = {39C5B0F6-F76D-4125-96F4-5380189C72D2}
		{098F2C49-85DF-47CE-8108-485E805634CF} = {A5D93123-6F57-456C-A1CC-9A54F8829900}
		{9ACEA600-C0E1-49CE-8533-DF73A6A6E94B} = {EEE4BBDC-A733-49F0-8D24-2422D014FCF2}
	EndGlobalSection
	GlobalSection(ExtensibilityGlobals) = postSolution
		SolutionGuid = {27834526-00AF-40D7-BD1F-4286BED4E298}
	EndGlobalSection
EndGlobal
